
Microsoft Visual Studio Solution File, Format Version 12.00
# Visual Studio Version 16
VisualStudioVersion = 16.0.31321.278
MinimumVisualStudioVersion = 10.0.40219.1
Project("{2150E333-8FDC-42A3-9474-1A3956D46DE8}") = "BuildingBlocks", "BuildingBlocks", "{101BF0ED-BF4C-43C3-A808-7D35E0D5BE52}"
EndProject
Project("{2150E333-8FDC-42A3-9474-1A3956D46DE8}") = "Services", "Services", "{E64DE5EB-CD84-4562-B62C-E0699064C77B}"
EndProject
Project("{2150E333-8FDC-42A3-9474-1A3956D46DE8}") = "Account", "Account", "{5EC9C2F8-AFC4-42B1-A4F3-4B2EBE14A082}"
EndProject
Project("{2150E333-8FDC-42A3-9474-1A3956D46DE8}") = "ApiGateway", "ApiGateway", "{F63F1D00-55FF-4D75-838A-8E192832CE04}"
EndProject
Project("{2150E333-8FDC-42A3-9474-1A3956D46DE8}") = "Basket", "Basket", "{D721D9D8-2BE8-490A-8E8D-B2F95856130F}"
EndProject
Project("{2150E333-8FDC-42A3-9474-1A3956D46DE8}") = "Catalog", "Catalog", "{E7BDE382-C92A-4D57-9AD1-D79C757D05B3}"
EndProject
Project("{9A19103F-16F7-4668-BE54-9A1E7A4F7556}") = "Catalogs.api", "Catalogs.api\Catalogs.api.csproj", "{BF4A0498-D78E-4D34-9C84-6B1118AF3D0E}"
EndProject
Project("{E53339B2-1760-4266-BCC7-CA923CBCF16C}") = "docker-compose", "docker-compose.dcproj", "{BFE4419F-CF5D-4DB8-AE5F-DF01D41C521C}"
EndProject
Project("{9A19103F-16F7-4668-BE54-9A1E7A4F7556}") = "BasketApi", "BasketApi\BasketApi.csproj", "{A9A8EB33-240F-48C0-8D93-7D187A6CC95C}"
EndProject
Project("{2150E333-8FDC-42A3-9474-1A3956D46DE8}") = "Ordering", "Ordering", "{7E087C1F-773D-46F3-AFF8-AAF5722E28D6}"
EndProject
Project("{9A19103F-16F7-4668-BE54-9A1E7A4F7556}") = "Ordering.api", "Ordering.api\Ordering.api.csproj", "{2054D415-A230-4023-9198-E7904EC677CE}"
EndProject
Project("{9A19103F-16F7-4668-BE54-9A1E7A4F7556}") = "Ordering.Application", "Ordering.Application\Ordering.Application.csproj", "{AF774E0D-BEA1-4E1F-876D-354217BDEFEA}"
EndProject
Project("{9A19103F-16F7-4668-BE54-9A1E7A4F7556}") = "Ordering.Domain", "Ordering.Domain\Ordering.Domain.csproj", "{89413431-DB3D-4224-ACDC-0BF732704D5A}"
EndProject
Project("{9A19103F-16F7-4668-BE54-9A1E7A4F7556}") = "Ordering.Infraestructure", "Ordering.Infraestructure\Ordering.Infraestructure.csproj", "{9479406A-EDFA-4288-8C24-A91FDCD98166}"
EndProject
Project("{9A19103F-16F7-4668-BE54-9A1E7A4F7556}") = "Api.gateway", "Api.gateway\Api.gateway.csproj", "{8EF0A7CA-37C9-4170-98EC-2DC0EC2DF7A8}"
EndProject
Project("{2150E333-8FDC-42A3-9474-1A3956D46DE8}") = "Existence", "Existence", "{A2F7E2DB-4300-41A6-BDEA-24B83FD01BE4}"
EndProject
Project("{9A19103F-16F7-4668-BE54-9A1E7A4F7556}") = "Existence.grpc", "Existence.grpc\Existence.grpc.csproj", "{F9A42350-0F46-4A86-8F7F-DD52A9CB9845}"
EndProject
Project("{9A19103F-16F7-4668-BE54-9A1E7A4F7556}") = "EventBus.Messages", "BuildingBlocks\EventBus.Messages\EventBus.Messages.csproj", "{0F9D3896-194C-4B0F-AA2E-E574DA4336A0}"
EndProject
Project("{FAE04EC0-301F-11D3-BF4B-00C04F79EFBC}") = "Account.Api", "Account.Api\Account.Api.csproj", "{F57A90A3-BB85-4F7C-B607-7A4E1893300A}"
EndProject
Global
	GlobalSection(SolutionConfigurationPlatforms) = preSolution
		Debug|Any CPU = Debug|Any CPU
		Release|Any CPU = Release|Any CPU
	EndGlobalSection
	GlobalSection(ProjectConfigurationPlatforms) = postSolution
		{BF4A0498-D78E-4D34-9C84-6B1118AF3D0E}.Debug|Any CPU.ActiveCfg = Debug|Any CPU
		{BF4A0498-D78E-4D34-9C84-6B1118AF3D0E}.Debug|Any CPU.Build.0 = Debug|Any CPU
		{BF4A0498-D78E-4D34-9C84-6B1118AF3D0E}.Release|Any CPU.ActiveCfg = Release|Any CPU
		{BF4A0498-D78E-4D34-9C84-6B1118AF3D0E}.Release|Any CPU.Build.0 = Release|Any CPU
		{BFE4419F-CF5D-4DB8-AE5F-DF01D41C521C}.Debug|Any CPU.ActiveCfg = Debug|Any CPU
		{BFE4419F-CF5D-4DB8-AE5F-DF01D41C521C}.Debug|Any CPU.Build.0 = Debug|Any CPU
		{BFE4419F-CF5D-4DB8-AE5F-DF01D41C521C}.Release|Any CPU.ActiveCfg = Release|Any CPU
		{BFE4419F-CF5D-4DB8-AE5F-DF01D41C521C}.Release|Any CPU.Build.0 = Release|Any CPU
		{A9A8EB33-240F-48C0-8D93-7D187A6CC95C}.Debug|Any CPU.ActiveCfg = Debug|Any CPU
		{A9A8EB33-240F-48C0-8D93-7D187A6CC95C}.Debug|Any CPU.Build.0 = Debug|Any CPU
		{A9A8EB33-240F-48C0-8D93-7D187A6CC95C}.Release|Any CPU.ActiveCfg = Release|Any CPU
		{A9A8EB33-240F-48C0-8D93-7D187A6CC95C}.Release|Any CPU.Build.0 = Release|Any CPU
		{2054D415-A230-4023-9198-E7904EC677CE}.Debug|Any CPU.ActiveCfg = Debug|Any CPU
		{2054D415-A230-4023-9198-E7904EC677CE}.Debug|Any CPU.Build.0 = Debug|Any CPU
		{2054D415-A230-4023-9198-E7904EC677CE}.Release|Any CPU.ActiveCfg = Release|Any CPU
		{2054D415-A230-4023-9198-E7904EC677CE}.Release|Any CPU.Build.0 = Release|Any CPU
		{AF774E0D-BEA1-4E1F-876D-354217BDEFEA}.Debug|Any CPU.ActiveCfg = Debug|Any CPU
		{AF774E0D-BEA1-4E1F-876D-354217BDEFEA}.Debug|Any CPU.Build.0 = Debug|Any CPU
		{AF774E0D-BEA1-4E1F-876D-354217BDEFEA}.Release|Any CPU.ActiveCfg = Release|Any CPU
		{AF774E0D-BEA1-4E1F-876D-354217BDEFEA}.Release|Any CPU.Build.0 = Release|Any CPU
		{89413431-DB3D-4224-ACDC-0BF732704D5A}.Debug|Any CPU.ActiveCfg = Debug|Any CPU
		{89413431-DB3D-4224-ACDC-0BF732704D5A}.Debug|Any CPU.Build.0 = Debug|Any CPU
		{89413431-DB3D-4224-ACDC-0BF732704D5A}.Release|Any CPU.ActiveCfg = Release|Any CPU
		{89413431-DB3D-4224-ACDC-0BF732704D5A}.Release|Any CPU.Build.0 = Release|Any CPU
		{9479406A-EDFA-4288-8C24-A91FDCD98166}.Debug|Any CPU.ActiveCfg = Debug|Any CPU
		{9479406A-EDFA-4288-8C24-A91FDCD98166}.Debug|Any CPU.Build.0 = Debug|Any CPU
		{9479406A-EDFA-4288-8C24-A91FDCD98166}.Release|Any CPU.ActiveCfg = Release|Any CPU
		{9479406A-EDFA-4288-8C24-A91FDCD98166}.Release|Any CPU.Build.0 = Release|Any CPU
		{8EF0A7CA-37C9-4170-98EC-2DC0EC2DF7A8}.Debug|Any CPU.ActiveCfg = Debug|Any CPU
		{8EF0A7CA-37C9-4170-98EC-2DC0EC2DF7A8}.Debug|Any CPU.Build.0 = Debug|Any CPU
		{8EF0A7CA-37C9-4170-98EC-2DC0EC2DF7A8}.Release|Any CPU.ActiveCfg = Release|Any CPU
		{8EF0A7CA-37C9-4170-98EC-2DC0EC2DF7A8}.Release|Any CPU.Build.0 = Release|Any CPU
		{F9A42350-0F46-4A86-8F7F-DD52A9CB9845}.Debug|Any CPU.ActiveCfg = Debug|Any CPU
		{F9A42350-0F46-4A86-8F7F-DD52A9CB9845}.Debug|Any CPU.Build.0 = Debug|Any CPU
		{F9A42350-0F46-4A86-8F7F-DD52A9CB9845}.Release|Any CPU.ActiveCfg = Release|Any CPU
		{F9A42350-0F46-4A86-8F7F-DD52A9CB9845}.Release|Any CPU.Build.0 = Release|Any CPU
		{0F9D3896-194C-4B0F-AA2E-E574DA4336A0}.Debug|Any CPU.ActiveCfg = Debug|Any CPU
		{0F9D3896-194C-4B0F-AA2E-E574DA4336A0}.Debug|Any CPU.Build.0 = Debug|Any CPU
		{0F9D3896-194C-4B0F-AA2E-E574DA4336A0}.Release|Any CPU.ActiveCfg = Release|Any CPU
		{0F9D3896-194C-4B0F-AA2E-E574DA4336A0}.Release|Any CPU.Build.0 = Release|Any CPU
		{F57A90A3-BB85-4F7C-B607-7A4E1893300A}.Debug|Any CPU.ActiveCfg = Debug|Any CPU
		{F57A90A3-BB85-4F7C-B607-7A4E1893300A}.Debug|Any CPU.Build.0 = Debug|Any CPU
		{F57A90A3-BB85-4F7C-B607-7A4E1893300A}.Release|Any CPU.ActiveCfg = Release|Any CPU
		{F57A90A3-BB85-4F7C-B607-7A4E1893300A}.Release|Any CPU.Build.0 = Release|Any CPU
	EndGlobalSection
	GlobalSection(SolutionProperties) = preSolution
		HideSolutionNode = FALSE
	EndGlobalSection
	GlobalSection(NestedProjects) = preSolution
		{5EC9C2F8-AFC4-42B1-A4F3-4B2EBE14A082} = {E64DE5EB-CD84-4562-B62C-E0699064C77B}
		{F63F1D00-55FF-4D75-838A-8E192832CE04} = {E64DE5EB-CD84-4562-B62C-E0699064C77B}
		{D721D9D8-2BE8-490A-8E8D-B2F95856130F} = {E64DE5EB-CD84-4562-B62C-E0699064C77B}
		{E7BDE382-C92A-4D57-9AD1-D79C757D05B3} = {E64DE5EB-CD84-4562-B62C-E0699064C77B}
		{BF4A0498-D78E-4D34-9C84-6B1118AF3D0E} = {E7BDE382-C92A-4D57-9AD1-D79C757D05B3}
		{A9A8EB33-240F-48C0-8D93-7D187A6CC95C} = {D721D9D8-2BE8-490A-8E8D-B2F95856130F}
		{7E087C1F-773D-46F3-AFF8-AAF5722E28D6} = {E64DE5EB-CD84-4562-B62C-E0699064C77B}
		{2054D415-A230-4023-9198-E7904EC677CE} = {7E087C1F-773D-46F3-AFF8-AAF5722E28D6}
		{AF774E0D-BEA1-4E1F-876D-354217BDEFEA} = {7E087C1F-773D-46F3-AFF8-AAF5722E28D6}
		{89413431-DB3D-4224-ACDC-0BF732704D5A} = {7E087C1F-773D-46F3-AFF8-AAF5722E28D6}
		{9479406A-EDFA-4288-8C24-A91FDCD98166} = {7E087C1F-773D-46F3-AFF8-AAF5722E28D6}
		{8EF0A7CA-37C9-4170-98EC-2DC0EC2DF7A8} = {F63F1D00-55FF-4D75-838A-8E192832CE04}
		{A2F7E2DB-4300-41A6-BDEA-24B83FD01BE4} = {E64DE5EB-CD84-4562-B62C-E0699064C77B}
		{F9A42350-0F46-4A86-8F7F-DD52A9CB9845} = {A2F7E2DB-4300-41A6-BDEA-24B83FD01BE4}
		{0F9D3896-194C-4B0F-AA2E-E574DA4336A0} = {101BF0ED-BF4C-43C3-A808-7D35E0D5BE52}
		{F57A90A3-BB85-4F7C-B607-7A4E1893300A} = {5EC9C2F8-AFC4-42B1-A4F3-4B2EBE14A082}
	EndGlobalSection
	GlobalSection(ExtensibilityGlobals) = postSolution
		SolutionGuid = {05BDEF94-5945-4715-931B-DEAEBA1C67A1}
	EndGlobalSection
EndGlobal
